{
    "_readme": [
        "This file locks the dependencies of your project to a known state",
        "Read more about it at https://getcomposer.org/doc/01-basic-usage.md#composer-lock-the-lock-file",
        "This file is @generated automatically"
    ],
    "content-hash": "32f9c541fedbbe5126708417a13f482a",
    "packages": [
        {
            "name": "prewk/xml-string-streamer",
            "version": "0.8.0",
            "source": {
                "type": "git",
                "url": "https://github.com/prewk/xml-string-streamer.git",
                "reference": "c737f8b01bd9293f6304e7af0f4dab258de161b7"
            },
            "dist": {
                "type": "zip",
                "url": "https://api.github.com/repos/prewk/xml-string-streamer/zipball/c737f8b01bd9293f6304e7af0f4dab258de161b7",
                "reference": "c737f8b01bd9293f6304e7af0f4dab258de161b7",
                "shasum": ""
            },
            "require": {
                "php": ">=5.3.0"
            },
            "require-dev": {
                "mockery/mockery": "0.8.0",
                "prewk/xml-faker": "0.0.2"
            },
            "type": "library",
            "autoload": {
                "psr-4": {
                    "Prewk\\": "src"
                }
            },
            "notification-url": "https://packagist.org/downloads/",
            "license": [
                "MIT"
            ],
            "authors": [
                {
                    "name": "prewk",
                    "email": "oskar.thornblad@gmail.com"
                }
            ],
            "description": "Stream large XML files with low memory consumption",
            "homepage": "https://github.com/prewk/xml-string-streamer",
            "time": "2016-10-11T18:17:23+00:00"
        }
    ],
    "packages-dev": [],
    "aliases": [],
    "minimum-stability": "stable",
    "stability-flags": [],
    "prefer-stable": false,
    "prefer-lowest": false,
    "platform": [],
    "platform-dev": []
}
